{
  "originHash" : "b8472a9fd32b27d03d4ab615229d7ad317f2233a4f54f237e56cc7fed41a8344",
  "pins" : [
    {
      "identity" : "keyboardshortcuts",
      "kind" : "remoteSourceControl",
      "location" : "https://github.com/sindresorhus/KeyboardShortcuts",
      "state" : {
        "revision" : "e6b60117ec266e1e5d059f7f34815144f9762b36",
        "version" : "2.0.2"
      }
    },
    {
      "identity" : "wkwebviewjavascriptbridge",
      "kind" : "remoteSourceControl",
      "location" : "https://github.com/Lision/WKWebViewJavascriptBridge",
      "state" : {
        "revision" : "51cdc110657e5ad469df712ca79632761d3fe11d",
        "version" : "1.2.3"
      }
    },
    {
      "identity" : "zipfoundation",
      "kind" : "remoteSourceControl",
      "location" : "https://github.com/weichsel/ZIPFoundation",
      "state" : {
        "revision" : "02b6abe5f6eef7e3cbd5f247c5cc24e246efcfe0",
        "version" : "0.9.19"
      }
    }
  ],
  "version" : 3
}
